
Microsoft Visual Studio Solution File, Format Version 12.00
# Visual Studio Version 16
VisualStudioVersion = 16.0.30517.126
MinimumVisualStudioVersion = 10.0.40219.1
Project("{FAE04EC0-301F-11D3-BF4B-00C04F79EFBC}") = "ConsoleApp1", "ConsoleApp1.csproj", "{44D39B9E-EA12-434E-8654-DE4811DF002C}"
EndProject
Global
	GlobalSection(SolutionConfigurationPlatforms) = preSolution
		Debug|Any CPU = Debug|Any CPU
		Release|Any CPU = Release|Any CPU
	EndGlobalSection
	GlobalSection(ProjectConfigurationPlatforms) = postSolution
		{44D39B9E-EA12-434E-8654-DE4811DF002C}.Debug|Any CPU.ActiveCfg = Debug|Any CPU
		{44D39B9E-EA12-434E-8654-DE4811DF002C}.Debug|Any CPU.Build.0 = Debug|Any CPU
		{44D39B9E-EA12-434E-8654-DE4811DF002C}.Release|Any CPU.ActiveCfg = Release|Any CPU
		{44D39B9E-EA12-434E-8654-DE4811DF002C}.Release|Any CPU.Build.0 = Release|Any CPU
	EndGlobalSection
	GlobalSection(SolutionProperties) = preSolution
		HideSolutionNode = FALSE
	EndGlobalSection
	GlobalSection(ExtensibilityGlobals) = postSolution
		SolutionGuid = {7F3F859C-9344-45DF-96B6-724D5525C9F7}
	EndGlobalSection
EndGlobal
