
Microsoft Visual Studio Solution File, Format Version 12.00
# Visual Studio Version 16
VisualStudioVersion = 16.0.30517.126
MinimumVisualStudioVersion = 10.0.40219.1
Project("{FAE04EC0-301F-11D3-BF4B-00C04F79EFBC}") = "07-linq", "07-linq\07-linq.csproj", "{A8131C77-E850-4B76-A01C-C99E55CF4FE4}"
EndProject
Global
	GlobalSection(SolutionConfigurationPlatforms) = preSolution
		Debug|Any CPU = Debug|Any CPU
		Release|Any CPU = Release|Any CPU
	EndGlobalSection
	GlobalSection(ProjectConfigurationPlatforms) = postSolution
		{A8131C77-E850-4B76-A01C-C99E55CF4FE4}.Debug|Any CPU.ActiveCfg = Debug|Any CPU
		{A8131C77-E850-4B76-A01C-C99E55CF4FE4}.Debug|Any CPU.Build.0 = Debug|Any CPU
		{A8131C77-E850-4B76-A01C-C99E55CF4FE4}.Release|Any CPU.ActiveCfg = Release|Any CPU
		{A8131C77-E850-4B76-A01C-C99E55CF4FE4}.Release|Any CPU.Build.0 = Release|Any CPU
	EndGlobalSection
	GlobalSection(SolutionProperties) = preSolution
		HideSolutionNode = FALSE
	EndGlobalSection
	GlobalSection(ExtensibilityGlobals) = postSolution
		SolutionGuid = {0F96CFC8-4E05-4884-8D83-0678B01CC2FD}
	EndGlobalSection
EndGlobal
